
Microsoft Visual Studio Solution File, Format Version 12.00
# Visual Studio Version 17
VisualStudioVersion = 17.12.35309.182
MinimumVisualStudioVersion = 10.0.40219.1
Project("{FAE04EC0-301F-11D3-BF4B-00C04F79EFBC}") = "ppedv.CrustControl.Model", "ppedv.CrustControl.Model\ppedv.CrustControl.Model.csproj", "{D1A279C5-7F9E-431C-8FBA-474AFF2F8770}"
EndProject
Project("{FAE04EC0-301F-11D3-BF4B-00C04F79EFBC}") = "ppedv.CrustControl.Data.Db", "ppedv.CrustControl.Data.Db\ppedv.CrustControl.Data.Db.csproj", "{1093DB1A-7F31-4FBB-8D92-EA5A95729E2E}"
EndProject
Project("{FAE04EC0-301F-11D3-BF4B-00C04F79EFBC}") = "ppedv.CrustControl.Data.Db.Tests", "ppedv.CrustControl.Data.Db.Tests\ppedv.CrustControl.Data.Db.Tests.csproj", "{DC4E3FE3-A8F7-48A6-A0DD-56963524E70A}"
EndProject
Project("{FAE04EC0-301F-11D3-BF4B-00C04F79EFBC}") = "ppedv.CrustControl.Logic", "ppedv.CrustControl.Logic\ppedv.CrustControl.Logic.csproj", "{A1AFE97D-AABF-498E-ACF5-A89CEA5DFBF9}"
EndProject
Project("{FAE04EC0-301F-11D3-BF4B-00C04F79EFBC}") = "ppedv.CrustControl.UI.DevConsole", "ppedv.CrustControl.UI.DevConsole\ppedv.CrustControl.UI.DevConsole.csproj", "{64B92DE7-FDFC-41D2-8B72-8786A2A0D444}"
EndProject
Project("{FAE04EC0-301F-11D3-BF4B-00C04F79EFBC}") = "ppedv.CrustControl.Logic.Tests", "ppedv.CrustControl.Logic.Tests\ppedv.CrustControl.Logic.Tests.csproj", "{DFA77535-DE13-43FA-90E9-8124AD63E754}"
EndProject
Project("{FAE04EC0-301F-11D3-BF4B-00C04F79EFBC}") = "ppedv.CrustControl.UI.Desktop", "ppedv.CrustControl.UI.Desktop\ppedv.CrustControl.UI.Desktop.csproj", "{8332281E-21B7-4473-B984-762441BDE0FC}"
EndProject
Project("{FAE04EC0-301F-11D3-BF4B-00C04F79EFBC}") = "ppedv.CrustControl.Web.MVC", "ppedv.CrustControl.Web.MVC\ppedv.CrustControl.Web.MVC.csproj", "{0AFF2798-C08C-4A20-84DE-CB31F0AF9646}"
EndProject
Project("{FAE04EC0-301F-11D3-BF4B-00C04F79EFBC}") = "ppedv.CrustControl.Web.Api", "ppedv.CrustControl.Web.Api\ppedv.CrustControl.Web.Api.csproj", "{C107A161-3B5C-49F4-8940-C71495A0CCED}"
EndProject
Global
	GlobalSection(SolutionConfigurationPlatforms) = preSolution
		Debug|Any CPU = Debug|Any CPU
		Release|Any CPU = Release|Any CPU
	EndGlobalSection
	GlobalSection(ProjectConfigurationPlatforms) = postSolution
		{D1A279C5-7F9E-431C-8FBA-474AFF2F8770}.Debug|Any CPU.ActiveCfg = Debug|Any CPU
		{D1A279C5-7F9E-431C-8FBA-474AFF2F8770}.Debug|Any CPU.Build.0 = Debug|Any CPU
		{D1A279C5-7F9E-431C-8FBA-474AFF2F8770}.Release|Any CPU.ActiveCfg = Release|Any CPU
		{D1A279C5-7F9E-431C-8FBA-474AFF2F8770}.Release|Any CPU.Build.0 = Release|Any CPU
		{1093DB1A-7F31-4FBB-8D92-EA5A95729E2E}.Debug|Any CPU.ActiveCfg = Debug|Any CPU
		{1093DB1A-7F31-4FBB-8D92-EA5A95729E2E}.Debug|Any CPU.Build.0 = Debug|Any CPU
		{1093DB1A-7F31-4FBB-8D92-EA5A95729E2E}.Release|Any CPU.ActiveCfg = Release|Any CPU
		{1093DB1A-7F31-4FBB-8D92-EA5A95729E2E}.Release|Any CPU.Build.0 = Release|Any CPU
		{DC4E3FE3-A8F7-48A6-A0DD-56963524E70A}.Debug|Any CPU.ActiveCfg = Debug|Any CPU
		{DC4E3FE3-A8F7-48A6-A0DD-56963524E70A}.Debug|Any CPU.Build.0 = Debug|Any CPU
		{DC4E3FE3-A8F7-48A6-A0DD-56963524E70A}.Release|Any CPU.ActiveCfg = Release|Any CPU
		{DC4E3FE3-A8F7-48A6-A0DD-56963524E70A}.Release|Any CPU.Build.0 = Release|Any CPU
		{A1AFE97D-AABF-498E-ACF5-A89CEA5DFBF9}.Debug|Any CPU.ActiveCfg = Debug|Any CPU
		{A1AFE97D-AABF-498E-ACF5-A89CEA5DFBF9}.Debug|Any CPU.Build.0 = Debug|Any CPU
		{A1AFE97D-AABF-498E-ACF5-A89CEA5DFBF9}.Release|Any CPU.ActiveCfg = Release|Any CPU
		{A1AFE97D-AABF-498E-ACF5-A89CEA5DFBF9}.Release|Any CPU.Build.0 = Release|Any CPU
		{64B92DE7-FDFC-41D2-8B72-8786A2A0D444}.Debug|Any CPU.ActiveCfg = Debug|Any CPU
		{64B92DE7-FDFC-41D2-8B72-8786A2A0D444}.Debug|Any CPU.Build.0 = Debug|Any CPU
		{64B92DE7-FDFC-41D2-8B72-8786A2A0D444}.Release|Any CPU.ActiveCfg = Release|Any CPU
		{64B92DE7-FDFC-41D2-8B72-8786A2A0D444}.Release|Any CPU.Build.0 = Release|Any CPU
		{DFA77535-DE13-43FA-90E9-8124AD63E754}.Debug|Any CPU.ActiveCfg = Debug|Any CPU
		{DFA77535-DE13-43FA-90E9-8124AD63E754}.Debug|Any CPU.Build.0 = Debug|Any CPU
		{DFA77535-DE13-43FA-90E9-8124AD63E754}.Release|Any CPU.ActiveCfg = Release|Any CPU
		{DFA77535-DE13-43FA-90E9-8124AD63E754}.Release|Any CPU.Build.0 = Release|Any CPU
		{8332281E-21B7-4473-B984-762441BDE0FC}.Debug|Any CPU.ActiveCfg = Debug|Any CPU
		{8332281E-21B7-4473-B984-762441BDE0FC}.Debug|Any CPU.Build.0 = Debug|Any CPU
		{8332281E-21B7-4473-B984-762441BDE0FC}.Release|Any CPU.ActiveCfg = Release|Any CPU
		{8332281E-21B7-4473-B984-762441BDE0FC}.Release|Any CPU.Build.0 = Release|Any CPU
		{0AFF2798-C08C-4A20-84DE-CB31F0AF9646}.Debug|Any CPU.ActiveCfg = Debug|Any CPU
		{0AFF2798-C08C-4A20-84DE-CB31F0AF9646}.Debug|Any CPU.Build.0 = Debug|Any CPU
		{0AFF2798-C08C-4A20-84DE-CB31F0AF9646}.Release|Any CPU.ActiveCfg = Release|Any CPU
		{0AFF2798-C08C-4A20-84DE-CB31F0AF9646}.Release|Any CPU.Build.0 = Release|Any CPU
		{C107A161-3B5C-49F4-8940-C71495A0CCED}.Debug|Any CPU.ActiveCfg = Debug|Any CPU
		{C107A161-3B5C-49F4-8940-C71495A0CCED}.Debug|Any CPU.Build.0 = Debug|Any CPU
		{C107A161-3B5C-49F4-8940-C71495A0CCED}.Release|Any CPU.ActiveCfg = Release|Any CPU
		{C107A161-3B5C-49F4-8940-C71495A0CCED}.Release|Any CPU.Build.0 = Release|Any CPU
	EndGlobalSection
	GlobalSection(SolutionProperties) = preSolution
		HideSolutionNode = FALSE
	EndGlobalSection
	GlobalSection(ExtensibilityGlobals) = postSolution
		SolutionGuid = {7227E77D-2A73-475C-90EC-59368C625EB1}
	EndGlobalSection
EndGlobal
