
Microsoft Visual Studio Solution File, Format Version 12.00
# Visual Studio Version 17
VisualStudioVersion = 17.12.35209.166
MinimumVisualStudioVersion = 10.0.40219.1
Project("{FAE04EC0-301F-11D3-BF4B-00C04F79EFBC}") = "HalloFactory", "HalloFactory\HalloFactory.csproj", "{141AECCF-CB5E-479D-A447-E901E44D5F86}"
EndProject
Global
	GlobalSection(SolutionConfigurationPlatforms) = preSolution
		Debug|Any CPU = Debug|Any CPU
		Release|Any CPU = Release|Any CPU
	EndGlobalSection
	GlobalSection(ProjectConfigurationPlatforms) = postSolution
		{141AECCF-CB5E-479D-A447-E901E44D5F86}.Debug|Any CPU.ActiveCfg = Debug|Any CPU
		{141AECCF-CB5E-479D-A447-E901E44D5F86}.Debug|Any CPU.Build.0 = Debug|Any CPU
		{141AECCF-CB5E-479D-A447-E901E44D5F86}.Release|Any CPU.ActiveCfg = Release|Any CPU
		{141AECCF-CB5E-479D-A447-E901E44D5F86}.Release|Any CPU.Build.0 = Release|Any CPU
	EndGlobalSection
	GlobalSection(SolutionProperties) = preSolution
		HideSolutionNode = FALSE
	EndGlobalSection
	GlobalSection(ExtensibilityGlobals) = postSolution
		SolutionGuid = {11D32B8D-4E6E-4EFD-858B-5F0B9E952EC2}
	EndGlobalSection
EndGlobal
