
Microsoft Visual Studio Solution File, Format Version 12.00
# Visual Studio Version 17
VisualStudioVersion = 17.12.35309.182
MinimumVisualStudioVersion = 10.0.40219.1
Project("{FAE04EC0-301F-11D3-BF4B-00C04F79EFBC}") = "WinFormsMyButton", "WinFormsMyButton\WinFormsMyButton.csproj", "{C67D3500-2410-44D0-81E8-5E88C3FB6C0B}"
EndProject
Global
	GlobalSection(SolutionConfigurationPlatforms) = preSolution
		Debug|Any CPU = Debug|Any CPU
		Release|Any CPU = Release|Any CPU
	EndGlobalSection
	GlobalSection(ProjectConfigurationPlatforms) = postSolution
		{C67D3500-2410-44D0-81E8-5E88C3FB6C0B}.Debug|Any CPU.ActiveCfg = Debug|Any CPU
		{C67D3500-2410-44D0-81E8-5E88C3FB6C0B}.Debug|Any CPU.Build.0 = Debug|Any CPU
		{C67D3500-2410-44D0-81E8-5E88C3FB6C0B}.Release|Any CPU.ActiveCfg = Release|Any CPU
		{C67D3500-2410-44D0-81E8-5E88C3FB6C0B}.Release|Any CPU.Build.0 = Release|Any CPU
	EndGlobalSection
	GlobalSection(SolutionProperties) = preSolution
		HideSolutionNode = FALSE
	EndGlobalSection
	GlobalSection(ExtensibilityGlobals) = postSolution
		SolutionGuid = {E7AF7D7E-055F-455D-8551-6C44619D6A83}
	EndGlobalSection
EndGlobal
