
Microsoft Visual Studio Solution File, Format Version 12.00
# Visual Studio Version 17
VisualStudioVersion = 17.12.35209.166
MinimumVisualStudioVersion = 10.0.40219.1
Project("{FAE04EC0-301F-11D3-BF4B-00C04F79EFBC}") = "DecoPattern", "DecoPattern\DecoPattern.csproj", "{63FDA429-77A6-4BC4-9046-816BEC6D65BB}"
EndProject
Global
	GlobalSection(SolutionConfigurationPlatforms) = preSolution
		Debug|Any CPU = Debug|Any CPU
		Release|Any CPU = Release|Any CPU
	EndGlobalSection
	GlobalSection(ProjectConfigurationPlatforms) = postSolution
		{63FDA429-77A6-4BC4-9046-816BEC6D65BB}.Debug|Any CPU.ActiveCfg = Debug|Any CPU
		{63FDA429-77A6-4BC4-9046-816BEC6D65BB}.Debug|Any CPU.Build.0 = Debug|Any CPU
		{63FDA429-77A6-4BC4-9046-816BEC6D65BB}.Release|Any CPU.ActiveCfg = Release|Any CPU
		{63FDA429-77A6-4BC4-9046-816BEC6D65BB}.Release|Any CPU.Build.0 = Release|Any CPU
	EndGlobalSection
	GlobalSection(SolutionProperties) = preSolution
		HideSolutionNode = FALSE
	EndGlobalSection
	GlobalSection(ExtensibilityGlobals) = postSolution
		SolutionGuid = {4EBA2EF5-B98A-413E-BAC7-6D2F7173ED63}
	EndGlobalSection
EndGlobal
